
Microsoft Visual Studio Solution File, Format Version 12.00
# Visual Studio Version 17
VisualStudioVersion = 17.14.36121.58 d17.14
MinimumVisualStudioVersion = 10.0.40219.1
Project("{FAE04EC0-301F-11D3-BF4B-00C04F79EFBC}") = "ProductApi.Application", "ProductApi.Application\ProductApi.Application.csproj", "{360674A9-1ED4-4B09-9C3C-E3689F8AFB20}"
EndProject
Project("{FAE04EC0-301F-11D3-BF4B-00C04F79EFBC}") = "ProductApi.Domain", "ProductApi.Domain\ProductApi.Domain.csproj", "{F82499EB-8840-48DB-B0DB-952B6C8BB5E2}"
EndProject
Project("{FAE04EC0-301F-11D3-BF4B-00C04F79EFBC}") = "ProductApi.Infrastructure", "ProductApi.Infrastructure\ProductApi.Infrastructure.csproj", "{AF6FE427-F815-4C32-8215-02F1952A7EA9}"
EndProject
Project("{FAE04EC0-301F-11D3-BF4B-00C04F79EFBC}") = "ProductApi.Presentation", "ProductApi.Presentation\ProductApi.Presentation.csproj", "{077D36BF-9DFA-4A6F-8760-CC36E2B736BB}"
EndProject
Project("{FAE04EC0-301F-11D3-BF4B-00C04F79EFBC}") = "eCommerce.SharedLibrary", "..\DemoECommerce.SharedLibrarySolution\eCommerce.SharedLibrary\eCommerce.SharedLibrary.csproj", "{037A0280-0D01-FF6F-6210-90E1ECB2528E}"
EndProject
Global
	GlobalSection(SolutionConfigurationPlatforms) = preSolution
		Debug|Any CPU = Debug|Any CPU
		Release|Any CPU = Release|Any CPU
	EndGlobalSection
	GlobalSection(ProjectConfigurationPlatforms) = postSolution
		{360674A9-1ED4-4B09-9C3C-E3689F8AFB20}.Debug|Any CPU.ActiveCfg = Debug|Any CPU
		{360674A9-1ED4-4B09-9C3C-E3689F8AFB20}.Debug|Any CPU.Build.0 = Debug|Any CPU
		{360674A9-1ED4-4B09-9C3C-E3689F8AFB20}.Release|Any CPU.ActiveCfg = Release|Any CPU
		{360674A9-1ED4-4B09-9C3C-E3689F8AFB20}.Release|Any CPU.Build.0 = Release|Any CPU
		{F82499EB-8840-48DB-B0DB-952B6C8BB5E2}.Debug|Any CPU.ActiveCfg = Debug|Any CPU
		{F82499EB-8840-48DB-B0DB-952B6C8BB5E2}.Debug|Any CPU.Build.0 = Debug|Any CPU
		{F82499EB-8840-48DB-B0DB-952B6C8BB5E2}.Release|Any CPU.ActiveCfg = Release|Any CPU
		{F82499EB-8840-48DB-B0DB-952B6C8BB5E2}.Release|Any CPU.Build.0 = Release|Any CPU
		{AF6FE427-F815-4C32-8215-02F1952A7EA9}.Debug|Any CPU.ActiveCfg = Debug|Any CPU
		{AF6FE427-F815-4C32-8215-02F1952A7EA9}.Debug|Any CPU.Build.0 = Debug|Any CPU
		{AF6FE427-F815-4C32-8215-02F1952A7EA9}.Release|Any CPU.ActiveCfg = Release|Any CPU
		{AF6FE427-F815-4C32-8215-02F1952A7EA9}.Release|Any CPU.Build.0 = Release|Any CPU
		{077D36BF-9DFA-4A6F-8760-CC36E2B736BB}.Debug|Any CPU.ActiveCfg = Debug|Any CPU
		{077D36BF-9DFA-4A6F-8760-CC36E2B736BB}.Debug|Any CPU.Build.0 = Debug|Any CPU
		{077D36BF-9DFA-4A6F-8760-CC36E2B736BB}.Release|Any CPU.ActiveCfg = Release|Any CPU
		{077D36BF-9DFA-4A6F-8760-CC36E2B736BB}.Release|Any CPU.Build.0 = Release|Any CPU
		{037A0280-0D01-FF6F-6210-90E1ECB2528E}.Debug|Any CPU.ActiveCfg = Debug|Any CPU
		{037A0280-0D01-FF6F-6210-90E1ECB2528E}.Debug|Any CPU.Build.0 = Debug|Any CPU
		{037A0280-0D01-FF6F-6210-90E1ECB2528E}.Release|Any CPU.ActiveCfg = Release|Any CPU
		{037A0280-0D01-FF6F-6210-90E1ECB2528E}.Release|Any CPU.Build.0 = Release|Any CPU
	EndGlobalSection
	GlobalSection(SolutionProperties) = preSolution
		HideSolutionNode = FALSE
	EndGlobalSection
	GlobalSection(ExtensibilityGlobals) = postSolution
		SolutionGuid = {DE91749C-B925-4219-85D7-220A9869DEB0}
	EndGlobalSection
EndGlobal
