
Microsoft Visual Studio Solution File, Format Version 12.00
# Visual Studio Version 17
VisualStudioVersion = 17.14.36121.58 d17.14
MinimumVisualStudioVersion = 10.0.40219.1
Project("{FAE04EC0-301F-11D3-BF4B-00C04F79EFBC}") = "AuthenticationApi.Domain", "AuthenticationApi.Domain\AuthenticationApi.Domain.csproj", "{E134F533-AD58-4B83-850A-603DACB2A671}"
EndProject
Project("{FAE04EC0-301F-11D3-BF4B-00C04F79EFBC}") = "AuthenticationApi.Application", "AuthenticationApi.Application\AuthenticationApi.Application.csproj", "{A549386A-11AE-4213-BAF1-C20A045284ED}"
EndProject
Project("{FAE04EC0-301F-11D3-BF4B-00C04F79EFBC}") = "AuthenticationApi.Infrastructure", "AuthenticationApi.Infrastructure\AuthenticationApi.Infrastructure.csproj", "{D850A47F-410D-4DAE-B350-8A59E619D6DE}"
EndProject
Project("{FAE04EC0-301F-11D3-BF4B-00C04F79EFBC}") = "AuthenticationApi.Presentation", "AuthenticationApi.Presentation\AuthenticationApi.Presentation.csproj", "{85BAF909-07BE-46E6-8668-994D825A6293}"
EndProject
Project("{FAE04EC0-301F-11D3-BF4B-00C04F79EFBC}") = "eCommerce.SharedLibrary", "..\DemoECommerce.SharedLibrarySolution\eCommerce.SharedLibrary\eCommerce.SharedLibrary.csproj", "{037A0280-0D01-FF6F-6210-90E1ECB2528E}"
EndProject
Global
	GlobalSection(SolutionConfigurationPlatforms) = preSolution
		Debug|Any CPU = Debug|Any CPU
		Release|Any CPU = Release|Any CPU
	EndGlobalSection
	GlobalSection(ProjectConfigurationPlatforms) = postSolution
		{E134F533-AD58-4B83-850A-603DACB2A671}.Debug|Any CPU.ActiveCfg = Debug|Any CPU
		{E134F533-AD58-4B83-850A-603DACB2A671}.Debug|Any CPU.Build.0 = Debug|Any CPU
		{E134F533-AD58-4B83-850A-603DACB2A671}.Release|Any CPU.ActiveCfg = Release|Any CPU
		{E134F533-AD58-4B83-850A-603DACB2A671}.Release|Any CPU.Build.0 = Release|Any CPU
		{A549386A-11AE-4213-BAF1-C20A045284ED}.Debug|Any CPU.ActiveCfg = Debug|Any CPU
		{A549386A-11AE-4213-BAF1-C20A045284ED}.Debug|Any CPU.Build.0 = Debug|Any CPU
		{A549386A-11AE-4213-BAF1-C20A045284ED}.Release|Any CPU.ActiveCfg = Release|Any CPU
		{A549386A-11AE-4213-BAF1-C20A045284ED}.Release|Any CPU.Build.0 = Release|Any CPU
		{D850A47F-410D-4DAE-B350-8A59E619D6DE}.Debug|Any CPU.ActiveCfg = Debug|Any CPU
		{D850A47F-410D-4DAE-B350-8A59E619D6DE}.Debug|Any CPU.Build.0 = Debug|Any CPU
		{D850A47F-410D-4DAE-B350-8A59E619D6DE}.Release|Any CPU.ActiveCfg = Release|Any CPU
		{D850A47F-410D-4DAE-B350-8A59E619D6DE}.Release|Any CPU.Build.0 = Release|Any CPU
		{85BAF909-07BE-46E6-8668-994D825A6293}.Debug|Any CPU.ActiveCfg = Debug|Any CPU
		{85BAF909-07BE-46E6-8668-994D825A6293}.Debug|Any CPU.Build.0 = Debug|Any CPU
		{85BAF909-07BE-46E6-8668-994D825A6293}.Release|Any CPU.ActiveCfg = Release|Any CPU
		{85BAF909-07BE-46E6-8668-994D825A6293}.Release|Any CPU.Build.0 = Release|Any CPU
		{037A0280-0D01-FF6F-6210-90E1ECB2528E}.Debug|Any CPU.ActiveCfg = Debug|Any CPU
		{037A0280-0D01-FF6F-6210-90E1ECB2528E}.Debug|Any CPU.Build.0 = Debug|Any CPU
		{037A0280-0D01-FF6F-6210-90E1ECB2528E}.Release|Any CPU.ActiveCfg = Release|Any CPU
		{037A0280-0D01-FF6F-6210-90E1ECB2528E}.Release|Any CPU.Build.0 = Release|Any CPU
	EndGlobalSection
	GlobalSection(SolutionProperties) = preSolution
		HideSolutionNode = FALSE
	EndGlobalSection
	GlobalSection(ExtensibilityGlobals) = postSolution
		SolutionGuid = {A333FA76-9924-47C1-A788-73291C789666}
	EndGlobalSection
EndGlobal
